{
    "_readme": [
        "This file locks the dependencies of your project to a known state",
        "Read more about it at https://getcomposer.org/doc/01-basic-usage.md#installing-dependencies",
        "This file is @generated automatically"
    ],
    "content-hash": "51364c6f6fe22eba798f1492cc725edc",
    "packages": [
        {
            "name": "leven-framework/dba-common",
            "version": "1.0.0",
            "source": {
                "type": "git",
                "url": "https://github.com/leven-framework/dba-common.git",
                "reference": "029fd39288638f16bdd82955d30ca0c02056ec62"
            },
            "dist": {
                "type": "zip",
                "url": "https://api.github.com/repos/leven-framework/dba-common/zipball/029fd39288638f16bdd82955d30ca0c02056ec62",
                "reference": "029fd39288638f16bdd82955d30ca0c02056ec62",
                "shasum": ""
            },
            "suggest": {
                "leven-framework/dba-mock": "Mock a database using an array",
                "leven-framework/dba-mysql": "PDO MySQL adapter"
            },
            "type": "library",
            "autoload": {
                "psr-4": {
                    "Leven\\DBA\\Common\\": "src/"
                }
            },
            "notification-url": "https://packagist.org/downloads/",
            "support": {
                "issues": "https://github.com/leven-framework/dba-common/issues",
                "source": "https://github.com/leven-framework/dba-common/tree/1.0.0"
            },
            "time": "2022-04-26T15:16:37+00:00"
        }
    ],
    "packages-dev": [],
    "aliases": [],
    "minimum-stability": "stable",
    "stability-flags": [],
    "prefer-stable": false,
    "prefer-lowest": false,
    "platform": {
        "ext-ctype": "*"
    },
    "platform-dev": [],
    "plugin-api-version": "2.2.0"
}
